
Microsoft Visual Studio Solution File, Format Version 12.00
# Visual Studio 15
Project("{FAE04EC0-301F-11D3-BF4B-00C04F79EFBC}") = "Likvido.Worker.AzureStorageQueue", "Likvido.Worker.AzureStorageQueue.csproj", "{BF8C0F48-4C9B-4811-BFB5-93B44FA3115F}"
EndProject
Global
	GlobalSection(SolutionConfigurationPlatforms) = preSolution
		Debug|Any CPU = Debug|Any CPU
		Release|Any CPU = Release|Any CPU
	EndGlobalSection
	GlobalSection(ProjectConfigurationPlatforms) = postSolution
		{BF8C0F48-4C9B-4811-BFB5-93B44FA3115F}.Debug|Any CPU.ActiveCfg = Debug|Any CPU
		{BF8C0F48-4C9B-4811-BFB5-93B44FA3115F}.Debug|Any CPU.Build.0 = Debug|Any CPU
		{BF8C0F48-4C9B-4811-BFB5-93B44FA3115F}.Release|Any CPU.ActiveCfg = Release|Any CPU
		{BF8C0F48-4C9B-4811-BFB5-93B44FA3115F}.Release|Any CPU.Build.0 = Release|Any CPU
	EndGlobalSection
EndGlobal
